// !$*UTF8*$!
{
	archiveVersion = 1;
	classes = {
	};
	objectVersion = 55;
	objects = {

/* Begin PBXBuildFile section */
		CB22044427BC142000422A31 /* AppDelegate.swift in Sources */ = {isa = PBXBuildFile; fileRef = CB22044327BC142000422A31 /* AppDelegate.swift */; };
		CB22044627BC142000422A31 /* SceneDelegate.swift in Sources */ = {isa = PBXBuildFile; fileRef = CB22044527BC142000422A31 /* SceneDelegate.swift */; };
		CB22044827BC142000422A31 /* ViewController.swift in Sources */ = {isa = PBXBuildFile; fileRef = CB22044727BC142000422A31 /* ViewController.swift */; };
		CB22044B27BC142000422A31 /* Main.storyboard in Resources */ = {isa = PBXBuildFile; fileRef = CB22044927BC142000422A31 /* Main.storyboard */; };
		CB22044D27BC142500422A31 /* Assets.xcassets in Resources */ = {isa = PBXBuildFile; fileRef = CB22044C27BC142500422A31 /* Assets.xcassets */; };
		CB22045027BC142500422A31 /* LaunchScreen.storyboard in Resources */ = {isa = PBXBuildFile; fileRef = CB22044E27BC142500422A31 /* LaunchScreen.storyboard */; };
		CB22045827BC1C7200422A31 /* LottieAnimation.swift in Sources */ = {isa = PBXBuildFile; fileRef = CB22045727BC1C7200422A31 /* LottieAnimation.swift */; };
		CB22045A27BC1C8000422A31 /* LottieView.swift in Sources */ = {isa = PBXBuildFile; fileRef = CB22045927BC1C8000422A31 /* LottieView.swift */; };
		CB22045C27BC1E2700422A31 /* boom2.json in Resources */ = {isa = PBXBuildFile; fileRef = CB22045B27BC1E2700422A31 /* boom2.json */; };
		CB22045E27BC1E2D00422A31 /* boom.json in Resources */ = {isa = PBXBuildFile; fileRef = CB22045D27BC1E2C00422A31 /* boom.json */; };
		CB22046027BC1E7000422A31 /* 4k-gambling-table-casino-dice-chips-besthqwallpapers.com-2560x1440 2.jpg in Resources */ = {isa = PBXBuildFile; fileRef = CB22045F27BC1E6F00422A31 /* 4k-gambling-table-casino-dice-chips-besthqwallpapers.com-2560x1440 2.jpg */; };
		DB13A132227EC54B4DA5E8E6 /* Pods_Dice_Roll.framework in Frameworks */ = {isa = PBXBuildFile; fileRef = 7A9EDCC897AADF8A0877DC14 /* Pods_Dice_Roll.framework */; };
/* End PBXBuildFile section */

/* Begin PBXFileReference section */
		7A9EDCC897AADF8A0877DC14 /* Pods_Dice_Roll.framework */ = {isa = PBXFileReference; explicitFileType = wrapper.framework; includeInIndex = 0; path = Pods_Dice_Roll.framework; sourceTree = BUILT_PRODUCTS_DIR; };
		CAB8C37943FF7430BEDC7F03 /* Pods-Dice Roll.release.xcconfig */ = {isa = PBXFileReference; includeInIndex = 1; lastKnownFileType = text.xcconfig; name = "Pods-Dice Roll.release.xcconfig"; path = "Target Support Files/Pods-Dice Roll/Pods-Dice Roll.release.xcconfig"; sourceTree = "<group>"; };
		CB22044027BC142000422A31 /* Dice Roll.app */ = {isa = PBXFileReference; explicitFileType = wrapper.application; includeInIndex = 0; path = "Dice Roll.app"; sourceTree = BUILT_PRODUCTS_DIR; };
		CB22044327BC142000422A31 /* AppDelegate.swift */ = {isa = PBXFileReference; lastKnownFileType = sourcecode.swift; path = AppDelegate.swift; sourceTree = "<group>"; };
		CB22044527BC142000422A31 /* SceneDelegate.swift */ = {isa = PBXFileReference; lastKnownFileType = sourcecode.swift; path = SceneDelegate.swift; sourceTree = "<group>"; };
		CB22044727BC142000422A31 /* ViewController.swift */ = {isa = PBXFileReference; lastKnownFileType = sourcecode.swift; path = ViewController.swift; sourceTree = "<group>"; };
		CB22044A27BC142000422A31 /* Base */ = {isa = PBXFileReference; lastKnownFileType = file.storyboard; name = Base; path = Base.lproj/Main.storyboard; sourceTree = "<group>"; };
		CB22044C27BC142500422A31 /* Assets.xcassets */ = {isa = PBXFileReference; lastKnownFileType = folder.assetcatalog; path = Assets.xcassets; sourceTree = "<group>"; };
		CB22044F27BC142500422A31 /* Base */ = {isa = PBXFileReference; lastKnownFileType = file.storyboard; name = Base; path = Base.lproj/LaunchScreen.storyboard; sourceTree = "<group>"; };
		CB22045127BC142500422A31 /* Info.plist */ = {isa = PBXFileReference; lastKnownFileType = text.plist.xml; path = Info.plist; sourceTree = "<group>"; };
		CB22045727BC1C7200422A31 /* LottieAnimation.swift */ = {isa = PBXFileReference; lastKnownFileType = sourcecode.swift; path = LottieAnimation.swift; sourceTree = "<group>"; };
		CB22045927BC1C8000422A31 /* LottieView.swift */ = {isa = PBXFileReference; lastKnownFileType = sourcecode.swift; path = LottieView.swift; sourceTree = "<group>"; };
		CB22045B27BC1E2700422A31 /* boom2.json */ = {isa = PBXFileReference; fileEncoding = 4; lastKnownFileType = text.json; path = boom2.json; sourceTree = "<group>"; };
		CB22045D27BC1E2C00422A31 /* boom.json */ = {isa = PBXFileReference; fileEncoding = 4; lastKnownFileType = text.json; path = boom.json; sourceTree = "<group>"; };
		CB22045F27BC1E6F00422A31 /* 4k-gambling-table-casino-dice-chips-besthqwallpapers.com-2560x1440 2.jpg */ = {isa = PBXFileReference; lastKnownFileType = image.jpeg; path = "4k-gambling-table-casino-dice-chips-besthqwallpapers.com-2560x1440 2.jpg"; sourceTree = SOURCE_ROOT; };
		D572272F8A488B35AFF09E01 /* Pods-Dice Roll.debug.xcconfig */ = {isa = PBXFileReference; includeInIndex = 1; lastKnownFileType = text.xcconfig; name = "Pods-Dice Roll.debug.xcconfig"; path = "Target Support Files/Pods-Dice Roll/Pods-Dice Roll.debug.xcconfig"; sourceTree = "<group>"; };
/* End PBXFileReference section */

/* Begin PBXFrameworksBuildPhase section */
		CB22043D27BC142000422A31 /* Frameworks */ = {
			isa = PBXFrameworksBuildPhase;
			buildActionMask = 2147483647;
			files = (
				DB13A132227EC54B4DA5E8E6 /* Pods_Dice_Roll.framework in Frameworks */,
			);
			runOnlyForDeploymentPostprocessing = 0;
		};
/* End PBXFrameworksBuildPhase section */

/* Begin PBXGroup section */
		8B2D653D35C247ADA06EAD7A /* Pods */ = {
			isa = PBXGroup;
			children = (
				D572272F8A488B35AFF09E01 /* Pods-Dice Roll.debug.xcconfig */,
				CAB8C37943FF7430BEDC7F03 /* Pods-Dice Roll.release.xcconfig */,
			);
			path = Pods;
			sourceTree = "<group>";
		};
		CB22043727BC142000422A31 = {
			isa = PBXGroup;
			children = (
				CB22044227BC142000422A31 /* Dice Roll */,
				CB22044127BC142000422A31 /* Products */,
				8B2D653D35C247ADA06EAD7A /* Pods */,
				F0844C5463C607BEA13EC7CA /* Frameworks */,
			);
			sourceTree = "<group>";
		};
		CB22044127BC142000422A31 /* Products */ = {
			isa = PBXGroup;
			children = (
				CB22044027BC142000422A31 /* Dice Roll.app */,
			);
			name = Products;
			sourceTree = "<group>";
		};
		CB22044227BC142000422A31 /* Dice Roll */ = {
			isa = PBXGroup;
			children = (
				CB22045F27BC1E6F00422A31 /* 4k-gambling-table-casino-dice-chips-besthqwallpapers.com-2560x1440 2.jpg */,
				CB22045D27BC1E2C00422A31 /* boom.json */,
				CB22045B27BC1E2700422A31 /* boom2.json */,
				CB22044327BC142000422A31 /* AppDelegate.swift */,
				CB22044527BC142000422A31 /* SceneDelegate.swift */,
				CB22044727BC142000422A31 /* ViewController.swift */,
				CB22044927BC142000422A31 /* Main.storyboard */,
				CB22044C27BC142500422A31 /* Assets.xcassets */,
				CB22044E27BC142500422A31 /* LaunchScreen.storyboard */,
				CB22045127BC142500422A31 /* Info.plist */,
				CB22045727BC1C7200422A31 /* LottieAnimation.swift */,
				CB22045927BC1C8000422A31 /* LottieView.swift */,
			);
			path = "Dice Roll";
			sourceTree = "<group>";
		};
		F0844C5463C607BEA13EC7CA /* Frameworks */ = {
			isa = PBXGroup;
			children = (
				7A9EDCC897AADF8A0877DC14 /* Pods_Dice_Roll.framework */,
			);
			name = Frameworks;
			sourceTree = "<group>";
		};
/* End PBXGroup section */

/* Begin PBXNativeTarget section */
		CB22043F27BC142000422A31 /* Dice Roll */ = {
			isa = PBXNativeTarget;
			buildConfigurationList = CB22045427BC142500422A31 /* Build configuration list for PBXNativeTarget "Dice Roll" */;
			buildPhases = (
				866E630E39E484CFA4CC3C5F /* [CP] Check Pods Manifest.lock */,
				CB22043C27BC142000422A31 /* Sources */,
				CB22043D27BC142000422A31 /* Frameworks */,
				CB22043E27BC142000422A31 /* Resources */,
				803FEB022EB58589BD9CFEA1 /* [CP] Embed Pods Frameworks */,
			);
			buildRules = (
			);
			dependencies = (
			);
			name = "Dice Roll";
			productName = "Dice Roll";
			productReference = CB22044027BC142000422A31 /* Dice Roll.app */;
			productType = "com.apple.product-type.application";
		};
/* End PBXNativeTarget section */

/* Begin PBXProject section */
		CB22043827BC142000422A31 /* Project object */ = {
			isa = PBXProject;
			attributes = {
				BuildIndependentTargetsInParallel = 1;
				LastSwiftUpdateCheck = 1310;
				LastUpgradeCheck = 1310;
				TargetAttributes = {
					CB22043F27BC142000422A31 = {
						CreatedOnToolsVersion = 13.1;
					};
				};
			};
			buildConfigurationList = CB22043B27BC142000422A31 /* Build configuration list for PBXProject "Dice Roll" */;
			compatibilityVersion = "Xcode 13.0";
			developmentRegion = en;
			hasScannedForEncodings = 0;
			knownRegions = (
				en,
				Base,
			);
			mainGroup = CB22043727BC142000422A31;
			productRefGroup = CB22044127BC142000422A31 /* Products */;
			projectDirPath = "";
			projectRoot = "";
			targets = (
				CB22043F27BC142000422A31 /* Dice Roll */,
			);
		};
/* End PBXProject section */

/* Begin PBXResourcesBuildPhase section */
		CB22043E27BC142000422A31 /* Resources */ = {
			isa = PBXResourcesBuildPhase;
			buildActionMask = 2147483647;
			files = (
				CB22045027BC142500422A31 /* LaunchScreen.storyboard in Resources */,
				CB22045C27BC1E2700422A31 /* boom2.json in Resources */,
				CB22044D27BC142500422A31 /* Assets.xcassets in Resources */,
				CB22044B27BC142000422A31 /* Main.storyboard in Resources */,
				CB22046027BC1E7000422A31 /* 4k-gambling-table-casino-dice-chips-besthqwallpapers.com-2560x1440 2.jpg in Resources */,
				CB22045E27BC1E2D00422A31 /* boom.json in Resources */,
			);
			runOnlyForDeploymentPostprocessing = 0;
		};
/* End PBXResourcesBuildPhase section */

/* Begin PBXShellScriptBuildPhase section */
		803FEB022EB58589BD9CFEA1 /* [CP] Embed Pods Frameworks */ = {
			isa = PBXShellScriptBuildPhase;
			buildActionMask = 2147483647;
			files = (
			);
			inputFileListPaths = (
				"${PODS_ROOT}/Target Support Files/Pods-Dice Roll/Pods-Dice Roll-frameworks-${CONFIGURATION}-input-files.xcfilelist",
			);
			name = "[CP] Embed Pods Frameworks";
			outputFileListPaths = (
				"${PODS_ROOT}/Target Support Files/Pods-Dice Roll/Pods-Dice Roll-frameworks-${CONFIGURATION}-output-files.xcfilelist",
			);
			runOnlyForDeploymentPostprocessing = 0;
			shellPath = /bin/sh;
			shellScript = "\"${PODS_ROOT}/Target Support Files/Pods-Dice Roll/Pods-Dice Roll-frameworks.sh\"\n";
			showEnvVarsInLog = 0;
		};
		866E630E39E484CFA4CC3C5F /* [CP] Check Pods Manifest.lock */ = {
			isa = PBXShellScriptBuildPhase;
			buildActionMask = 2147483647;
			files = (
			);
			inputFileListPaths = (
			);
			inputPaths = (
				"${PODS_PODFILE_DIR_PATH}/Podfile.lock",
				"${PODS_ROOT}/Manifest.lock",
			);
			name = "[CP] Check Pods Manifest.lock";
			outputFileListPaths = (
			);
			outputPaths = (
				"$(DERIVED_FILE_DIR)/Pods-Dice Roll-checkManifestLockResult.txt",
			);
			runOnlyForDeploymentPostprocessing = 0;
			shellPath = /bin/sh;
			shellScript = "diff \"${PODS_PODFILE_DIR_PATH}/Podfile.lock\" \"${PODS_ROOT}/Manifest.lock\" > /dev/null\nif [ $? != 0 ] ; then\n    # print error to STDERR\n    echo \"error: The sandbox is not in sync with the Podfile.lock. Run 'pod install' or update your CocoaPods installation.\" >&2\n    exit 1\nfi\n# This output is used by Xcode 'outputs' to avoid re-running this script phase.\necho \"SUCCESS\" > \"${SCRIPT_OUTPUT_FILE_0}\"\n";
			showEnvVarsInLog = 0;
		};
/* End PBXShellScriptBuildPhase section */

/* Begin PBXSourcesBuildPhase section */
		CB22043C27BC142000422A31 /* Sources */ = {
			isa = PBXSourcesBuildPhase;
			buildActionMask = 2147483647;
			files = (
				CB22044827BC142000422A31 /* ViewController.swift in Sources */,
				CB22045827BC1C7200422A31 /* LottieAnimation.swift in Sources */,
				CB22045A27BC1C8000422A31 /* LottieView.swift in Sources */,
				CB22044427BC142000422A31 /* AppDelegate.swift in Sources */,
				CB22044627BC142000422A31 /* SceneDelegate.swift in Sources */,
			);
			runOnlyForDeploymentPostprocessing = 0;
		};
/* End PBXSourcesBuildPhase section */

/* Begin PBXVariantGroup section */
		CB22044927BC142000422A31 /* Main.storyboard */ = {
			isa = PBXVariantGroup;
			children = (
				CB22044A27BC142000422A31 /* Base */,
			);
			name = Main.storyboard;
			sourceTree = "<group>";
		};
		CB22044E27BC142500422A31 /* LaunchScreen.storyboard */ = {
			isa = PBXVariantGroup;
			children = (
				CB22044F27BC142500422A31 /* Base */,
			);
			name = LaunchScreen.storyboard;
			sourceTree = "<group>";
		};
/* End PBXVariantGroup section */

/* Begin XCBuildConfiguration section */
		CB22045227BC142500422A31 /* Debug */ = {
			isa = XCBuildConfiguration;
			buildSettings = {
				ALWAYS_SEARCH_USER_PATHS = NO;
				CLANG_ANALYZER_NONNULL = YES;
				CLANG_ANALYZER_NUMBER_OBJECT_CONVERSION = YES_AGGRESSIVE;
				CLANG_CXX_LANGUAGE_STANDARD = "gnu++17";
				CLANG_CXX_LIBRARY = "libc++";
				CLANG_ENABLE_MODULES = YES;
				CLANG_ENABLE_OBJC_ARC = YES;
				CLANG_ENABLE_OBJC_WEAK = YES;
				CLANG_WARN_BLOCK_CAPTURE_AUTORELEASING = YES;
				CLANG_WARN_BOOL_CONVERSION = YES;
				CLANG_WARN_COMMA = YES;
				CLANG_WARN_CONSTANT_CONVERSION = YES;
				CLANG_WARN_DEPRECATED_OBJC_IMPLEMENTATIONS = YES;
				CLANG_WARN_DIRECT_OBJC_ISA_USAGE = YES_ERROR;
				CLANG_WARN_DOCUMENTATION_COMMENTS = YES;
				CLANG_WARN_EMPTY_BODY = YES;
				CLANG_WARN_ENUM_CONVERSION = YES;
				CLANG_WARN_INFINITE_RECURSION = YES;
				CLANG_WARN_INT_CONVERSION = YES;
				CLANG_WARN_NON_LITERAL_NULL_CONVERSION = YES;
				CLANG_WARN_OBJC_IMPLICIT_RETAIN_SELF = YES;
				CLANG_WARN_OBJC_LITERAL_CONVERSION = YES;
				CLANG_WARN_OBJC_ROOT_CLASS = YES_ERROR;
				CLANG_WARN_QUOTED_INCLUDE_IN_FRAMEWORK_HEADER = YES;
				CLANG_WARN_RANGE_LOOP_ANALYSIS = YES;
				CLANG_WARN_STRICT_PROTOTYPES = YES;
				CLANG_WARN_SUSPICIOUS_MOVE = YES;
				CLANG_WARN_UNGUARDED_AVAILABILITY = YES_AGGRESSIVE;
				CLANG_WARN_UNREACHABLE_CODE = YES;
				CLANG_WARN__DUPLICATE_METHOD_MATCH = YES;
				COPY_PHASE_STRIP = NO;
				DEBUG_INFORMATION_FORMAT = dwarf;
				ENABLE_STRICT_OBJC_MSGSEND = YES;
				ENABLE_TESTABILITY = YES;
				GCC_C_LANGUAGE_STANDARD = gnu11;
				GCC_DYNAMIC_NO_PIC = NO;
				GCC_NO_COMMON_BLOCKS = YES;
				GCC_OPTIMIZATION_LEVEL = 0;
				GCC_PREPROCESSOR_DEFINITIONS = (
					"DEBUG=1",
					"$(inherited)",
				);
				GCC_WARN_64_TO_32_BIT_CONVERSION = YES;
				GCC_WARN_ABOUT_RETURN_TYPE = YES_ERROR;
				GCC_WARN_UNDECLARED_SELECTOR = YES;
				GCC_WARN_UNINITIALIZED_AUTOS = YES_AGGRESSIVE;
				GCC_WARN_UNUSED_FUNCTION = YES;
				GCC_WARN_UNUSED_VARIABLE = YES;
				IPHONEOS_DEPLOYMENT_TARGET = 15.0;
				MTL_ENABLE_DEBUG_INFO = INCLUDE_SOURCE;
				MTL_FAST_MATH = YES;
				ONLY_ACTIVE_ARCH = YES;
				SDKROOT = iphoneos;
				SWIFT_ACTIVE_COMPILATION_CONDITIONS = DEBUG;
				SWIFT_OPTIMIZATION_LEVEL = "-Onone";
			};
			name = Debug;
		};
		CB22045327BC142500422A31 /* Release */ = {
			isa = XCBuildConfiguration;
			buildSettings = {
				ALWAYS_SEARCH_USER_PATHS = NO;
				CLANG_ANALYZER_NONNULL = YES;
				CLANG_ANALYZER_NUMBER_OBJECT_CONVERSION = YES_AGGRESSIVE;
				CLANG_CXX_LANGUAGE_STANDARD = "gnu++17";
				CLANG_CXX_LIBRARY = "libc++";
				CLANG_ENABLE_MODULES = YES;
				CLANG_ENABLE_OBJC_ARC = YES;
				CLANG_ENABLE_OBJC_WEAK = YES;
				CLANG_WARN_BLOCK_CAPTURE_AUTORELEASING = YES;
				CLANG_WARN_BOOL_CONVERSION = YES;
				CLANG_WARN_COMMA = YES;
				CLANG_WARN_CONSTANT_CONVERSION = YES;
				CLANG_WARN_DEPRECATED_OBJC_IMPLEMENTATIONS = YES;
				CLANG_WARN_DIRECT_OBJC_ISA_USAGE = YES_ERROR;
				CLANG_WARN_DOCUMENTATION_COMMENTS = YES;
				CLANG_WARN_EMPTY_BODY = YES;
				CLANG_WARN_ENUM_CONVERSION = YES;
				CLANG_WARN_INFINITE_RECURSION = YES;
				CLANG_WARN_INT_CONVERSION = YES;
				CLANG_WARN_NON_LITERAL_NULL_CONVERSION = YES;
				CLANG_WARN_OBJC_IMPLICIT_RETAIN_SELF = YES;
				CLANG_WARN_OBJC_LITERAL_CONVERSION = YES;
				CLANG_WARN_OBJC_ROOT_CLASS = YES_ERROR;
				CLANG_WARN_QUOTED_INCLUDE_IN_FRAMEWORK_HEADER = YES;
				CLANG_WARN_RANGE_LOOP_ANALYSIS = YES;
				CLANG_WARN_STRICT_PROTOTYPES = YES;
				CLANG_WARN_SUSPICIOUS_MOVE = YES;
				CLANG_WARN_UNGUARDED_AVAILABILITY = YES_AGGRESSIVE;
				CLANG_WARN_UNREACHABLE_CODE = YES;
				CLANG_WARN__DUPLICATE_METHOD_MATCH = YES;
				COPY_PHASE_STRIP = NO;
				DEBUG_INFORMATION_FORMAT = "dwarf-with-dsym";
				ENABLE_NS_ASSERTIONS = NO;
				ENABLE_STRICT_OBJC_MSGSEND = YES;
				GCC_C_LANGUAGE_STANDARD = gnu11;
				GCC_NO_COMMON_BLOCKS = YES;
				GCC_WARN_64_TO_32_BIT_CONVERSION = YES;
				GCC_WARN_ABOUT_RETURN_TYPE = YES_ERROR;
				GCC_WARN_UNDECLARED_SELECTOR = YES;
				GCC_WARN_UNINITIALIZED_AUTOS = YES_AGGRESSIVE;
				GCC_WARN_UNUSED_FUNCTION = YES;
				GCC_WARN_UNUSED_VARIABLE = YES;
				IPHONEOS_DEPLOYMENT_TARGET = 15.0;
				MTL_ENABLE_DEBUG_INFO = NO;
				MTL_FAST_MATH = YES;
				SDKROOT = iphoneos;
				SWIFT_COMPILATION_MODE = wholemodule;
				SWIFT_OPTIMIZATION_LEVEL = "-O";
				VALIDATE_PRODUCT = YES;
			};
			name = Release;
		};
		CB22045527BC142500422A31 /* Debug */ = {
			isa = XCBuildConfiguration;
			baseConfigurationReference = D572272F8A488B35AFF09E01 /* Pods-Dice Roll.debug.xcconfig */;
			buildSettings = {
				ASSETCATALOG_COMPILER_APPICON_NAME = AppIcon;
				ASSETCATALOG_COMPILER_GLOBAL_ACCENT_COLOR_NAME = AccentColor;
				CODE_SIGN_STYLE = Automatic;
				CURRENT_PROJECT_VERSION = 1;
				DEVELOPMENT_TEAM = 49FR6B46HX;
				GENERATE_INFOPLIST_FILE = YES;
				INFOPLIST_FILE = "Dice Roll/Info.plist";
				INFOPLIST_KEY_UIApplicationSupportsIndirectInputEvents = YES;
				INFOPLIST_KEY_UILaunchStoryboardName = LaunchScreen;
				INFOPLIST_KEY_UIMainStoryboardFile = Main;
				INFOPLIST_KEY_UISupportedInterfaceOrientations_iPad = "UIInterfaceOrientationPortrait UIInterfaceOrientationPortraitUpsideDown UIInterfaceOrientationLandscapeLeft UIInterfaceOrientationLandscapeRight";
				INFOPLIST_KEY_UISupportedInterfaceOrientations_iPhone = "UIInterfaceOrientationPortrait UIInterfaceOrientationLandscapeLeft UIInterfaceOrientationLandscapeRight";
				LD_RUNPATH_SEARCH_PATHS = (
					"$(inherited)",
					"@executable_path/Frameworks",
				);
				MARKETING_VERSION = 1.0;
				PRODUCT_BUNDLE_IDENTIFIER = "SziperdApps.Dice-Roll";
				PRODUCT_NAME = "$(TARGET_NAME)";
				SWIFT_EMIT_LOC_STRINGS = YES;
				SWIFT_VERSION = 5.0;
				TARGETED_DEVICE_FAMILY = "1,2";
			};
			name = Debug;
		};
		CB22045627BC142500422A31 /* Release */ = {
			isa = XCBuildConfiguration;
			baseConfigurationReference = CAB8C37943FF7430BEDC7F03 /* Pods-Dice Roll.release.xcconfig */;
			buildSettings = {
				ASSETCATALOG_COMPILER_APPICON_NAME = AppIcon;
				ASSETCATALOG_COMPILER_GLOBAL_ACCENT_COLOR_NAME = AccentColor;
				CODE_SIGN_STYLE = Automatic;
				CURRENT_PROJECT_VERSION = 1;
				DEVELOPMENT_TEAM = 49FR6B46HX;
				GENERATE_INFOPLIST_FILE = YES;
				INFOPLIST_FILE = "Dice Roll/Info.plist";
				INFOPLIST_KEY_UIApplicationSupportsIndirectInputEvents = YES;
				INFOPLIST_KEY_UILaunchStoryboardName = LaunchScreen;
				INFOPLIST_KEY_UIMainStoryboardFile = Main;
				INFOPLIST_KEY_UISupportedInterfaceOrientations_iPad = "UIInterfaceOrientationPortrait UIInterfaceOrientationPortraitUpsideDown UIInterfaceOrientationLandscapeLeft UIInterfaceOrientationLandscapeRight";
				INFOPLIST_KEY_UISupportedInterfaceOrientations_iPhone = "UIInterfaceOrientationPortrait UIInterfaceOrientationLandscapeLeft UIInterfaceOrientationLandscapeRight";
				LD_RUNPATH_SEARCH_PATHS = (
					"$(inherited)",
					"@executable_path/Frameworks",
				);
				MARKETING_VERSION = 1.0;
				PRODUCT_BUNDLE_IDENTIFIER = "SziperdApps.Dice-Roll";
				PRODUCT_NAME = "$(TARGET_NAME)";
				SWIFT_EMIT_LOC_STRINGS = YES;
				SWIFT_VERSION = 5.0;
				TARGETED_DEVICE_FAMILY = "1,2";
			};
			name = Release;
		};
/* End XCBuildConfiguration section */

/* Begin XCConfigurationList section */
		CB22043B27BC142000422A31 /* Build configuration list for PBXProject "Dice Roll" */ = {
			isa = XCConfigurationList;
			buildConfigurations = (
				CB22045227BC142500422A31 /* Debug */,
				CB22045327BC142500422A31 /* Release */,
			);
			defaultConfigurationIsVisible = 0;
			defaultConfigurationName = Release;
		};
		CB22045427BC142500422A31 /* Build configuration list for PBXNativeTarget "Dice Roll" */ = {
			isa = XCConfigurationList;
			buildConfigurations = (
				CB22045527BC142500422A31 /* Debug */,
				CB22045627BC142500422A31 /* Release */,
			);
			defaultConfigurationIsVisible = 0;
			defaultConfigurationName = Release;
		};
/* End XCConfigurationList section */
	};
	rootObject = CB22043827BC142000422A31 /* Project object */;
}
